
Microsoft Visual Studio Solution File, Format Version 12.00
# Visual Studio Version 17
VisualStudioVersion = 17.9.34701.34
MinimumVisualStudioVersion = 10.0.40219.1
Project("{9A19103F-16F7-4668-BE54-9A1E7A4F7556}") = "MIDIS.SGPVL.Repository", "MIDIS.SGPVL.Repository\MIDIS.SGPVL.Repository.csproj", "{B58B4636-C217-427C-A69B-D932077DAC5C}"
EndProject
Project("{9A19103F-16F7-4668-BE54-9A1E7A4F7556}") = "MIDIS.SGPVL.Entity", "MIDIS.SGPVL.Entity\MIDIS.SGPVL.Entity.csproj", "{4142FD2D-232E-4E47-925C-804197710147}"
EndProject
Project("{9A19103F-16F7-4668-BE54-9A1E7A4F7556}") = "MIDIS.SGPVL.Contexto", "MIDIS.SGPVL.Contexto\MIDIS.SGPVL.Contexto.csproj", "{D12BF600-A9AB-47C2-8BF6-3038CB8212AC}"
EndProject
Project("{9A19103F-16F7-4668-BE54-9A1E7A4F7556}") = "MIDIS.SGPVL.Utils", "MIDIS.SGPVL.Utils\MIDIS.SGPVL.Utils.csproj", "{D62F8E31-B388-4405-B700-1AAD0156FF15}"
EndProject
Project("{9A19103F-16F7-4668-BE54-9A1E7A4F7556}") = "MIDIS.SGPVL.Manager", "MIDIS.SGPVL.Manager\MIDIS.SGPVL.Manager.csproj", "{E4E85F81-F107-4C34-B9C2-D395A4A338EA}"
EndProject
Project("{9A19103F-16F7-4668-BE54-9A1E7A4F7556}") = "MIDIS.SGPVL.ManagerDto", "MIDIS.SGPVL.ManagerDto\MIDIS.SGPVL.ManagerDto.csproj", "{167F86A7-F17F-469A-908D-35CD0652412C}"
EndProject
Project("{2150E333-8FDC-42A3-9474-1A3956D46DE8}") = "01-Client", "01-Client", "{DFC05BAE-5373-4C47-B806-7475EF34C673}"
EndProject
Project("{2150E333-8FDC-42A3-9474-1A3956D46DE8}") = "02-Manager", "02-Manager", "{4FF43A30-6470-4E36-8A03-5D4B3B977D9E}"
EndProject
Project("{2150E333-8FDC-42A3-9474-1A3956D46DE8}") = "03-Infrastructure", "03-Infrastructure", "{1E0BA6C0-0EC3-47D4-BE43-E8314004FADB}"
EndProject
Project("{2150E333-8FDC-42A3-9474-1A3956D46DE8}") = "04-Repository", "04-Repository", "{E148BA41-B208-4449-ADB3-B21AEA23AE92}"
EndProject
Project("{9A19103F-16F7-4668-BE54-9A1E7A4F7556}") = "MIDIS.SGPVL.AppWeb", "MIDIS.SGPVL.AppWeb\MIDIS.SGPVL.AppWeb.csproj", "{664F09CA-E8A8-4AC1-91CD-5FDC50C43D41}"
EndProject
Project("{2150E333-8FDC-42A3-9474-1A3956D46DE8}") = "05-Testing", "05-Testing", "{0A942E3E-FFD8-42CE-BF95-83740C3A4F0C}"
EndProject
Project("{FAE04EC0-301F-11D3-BF4B-00C04F79EFBC}") = "MIDIS.SGPVL.Test", "MIDIS.SGPVL.Test\MIDIS.SGPVL.Test.csproj", "{2C07A61B-CE66-483B-A14A-A28B0921F879}"
EndProject
Global
	GlobalSection(SolutionConfigurationPlatforms) = preSolution
		Debug|Any CPU = Debug|Any CPU
		Release|Any CPU = Release|Any CPU
	EndGlobalSection
	GlobalSection(ProjectConfigurationPlatforms) = postSolution
		{B58B4636-C217-427C-A69B-D932077DAC5C}.Debug|Any CPU.ActiveCfg = Debug|Any CPU
		{B58B4636-C217-427C-A69B-D932077DAC5C}.Debug|Any CPU.Build.0 = Debug|Any CPU
		{B58B4636-C217-427C-A69B-D932077DAC5C}.Release|Any CPU.ActiveCfg = Release|Any CPU
		{B58B4636-C217-427C-A69B-D932077DAC5C}.Release|Any CPU.Build.0 = Release|Any CPU
		{4142FD2D-232E-4E47-925C-804197710147}.Debug|Any CPU.ActiveCfg = Debug|Any CPU
		{4142FD2D-232E-4E47-925C-804197710147}.Debug|Any CPU.Build.0 = Debug|Any CPU
		{4142FD2D-232E-4E47-925C-804197710147}.Release|Any CPU.ActiveCfg = Release|Any CPU
		{4142FD2D-232E-4E47-925C-804197710147}.Release|Any CPU.Build.0 = Release|Any CPU
		{D12BF600-A9AB-47C2-8BF6-3038CB8212AC}.Debug|Any CPU.ActiveCfg = Debug|Any CPU
		{D12BF600-A9AB-47C2-8BF6-3038CB8212AC}.Debug|Any CPU.Build.0 = Debug|Any CPU
		{D12BF600-A9AB-47C2-8BF6-3038CB8212AC}.Release|Any CPU.ActiveCfg = Release|Any CPU
		{D12BF600-A9AB-47C2-8BF6-3038CB8212AC}.Release|Any CPU.Build.0 = Release|Any CPU
		{D62F8E31-B388-4405-B700-1AAD0156FF15}.Debug|Any CPU.ActiveCfg = Debug|Any CPU
		{D62F8E31-B388-4405-B700-1AAD0156FF15}.Debug|Any CPU.Build.0 = Debug|Any CPU
		{D62F8E31-B388-4405-B700-1AAD0156FF15}.Release|Any CPU.ActiveCfg = Release|Any CPU
		{D62F8E31-B388-4405-B700-1AAD0156FF15}.Release|Any CPU.Build.0 = Release|Any CPU
		{E4E85F81-F107-4C34-B9C2-D395A4A338EA}.Debug|Any CPU.ActiveCfg = Debug|Any CPU
		{E4E85F81-F107-4C34-B9C2-D395A4A338EA}.Debug|Any CPU.Build.0 = Debug|Any CPU
		{E4E85F81-F107-4C34-B9C2-D395A4A338EA}.Release|Any CPU.ActiveCfg = Release|Any CPU
		{E4E85F81-F107-4C34-B9C2-D395A4A338EA}.Release|Any CPU.Build.0 = Release|Any CPU
		{167F86A7-F17F-469A-908D-35CD0652412C}.Debug|Any CPU.ActiveCfg = Debug|Any CPU
		{167F86A7-F17F-469A-908D-35CD0652412C}.Debug|Any CPU.Build.0 = Debug|Any CPU
		{167F86A7-F17F-469A-908D-35CD0652412C}.Release|Any CPU.ActiveCfg = Release|Any CPU
		{167F86A7-F17F-469A-908D-35CD0652412C}.Release|Any CPU.Build.0 = Release|Any CPU
		{664F09CA-E8A8-4AC1-91CD-5FDC50C43D41}.Debug|Any CPU.ActiveCfg = Debug|Any CPU
		{664F09CA-E8A8-4AC1-91CD-5FDC50C43D41}.Debug|Any CPU.Build.0 = Debug|Any CPU
		{664F09CA-E8A8-4AC1-91CD-5FDC50C43D41}.Release|Any CPU.ActiveCfg = Release|Any CPU
		{664F09CA-E8A8-4AC1-91CD-5FDC50C43D41}.Release|Any CPU.Build.0 = Release|Any CPU
		{2C07A61B-CE66-483B-A14A-A28B0921F879}.Debug|Any CPU.ActiveCfg = Debug|Any CPU
		{2C07A61B-CE66-483B-A14A-A28B0921F879}.Debug|Any CPU.Build.0 = Debug|Any CPU
		{2C07A61B-CE66-483B-A14A-A28B0921F879}.Release|Any CPU.ActiveCfg = Release|Any CPU
		{2C07A61B-CE66-483B-A14A-A28B0921F879}.Release|Any CPU.Build.0 = Release|Any CPU
	EndGlobalSection
	GlobalSection(SolutionProperties) = preSolution
		HideSolutionNode = FALSE
	EndGlobalSection
	GlobalSection(NestedProjects) = preSolution
		{B58B4636-C217-427C-A69B-D932077DAC5C} = {E148BA41-B208-4449-ADB3-B21AEA23AE92}
		{4142FD2D-232E-4E47-925C-804197710147} = {E148BA41-B208-4449-ADB3-B21AEA23AE92}
		{D12BF600-A9AB-47C2-8BF6-3038CB8212AC} = {E148BA41-B208-4449-ADB3-B21AEA23AE92}
		{D62F8E31-B388-4405-B700-1AAD0156FF15} = {1E0BA6C0-0EC3-47D4-BE43-E8314004FADB}
		{E4E85F81-F107-4C34-B9C2-D395A4A338EA} = {4FF43A30-6470-4E36-8A03-5D4B3B977D9E}
		{167F86A7-F17F-469A-908D-35CD0652412C} = {4FF43A30-6470-4E36-8A03-5D4B3B977D9E}
		{664F09CA-E8A8-4AC1-91CD-5FDC50C43D41} = {DFC05BAE-5373-4C47-B806-7475EF34C673}
		{2C07A61B-CE66-483B-A14A-A28B0921F879} = {0A942E3E-FFD8-42CE-BF95-83740C3A4F0C}
	EndGlobalSection
	GlobalSection(ExtensibilityGlobals) = postSolution
		SolutionGuid = {389E0983-7670-4D9F-A8D0-171185A56CA0}
	EndGlobalSection
EndGlobal
